
Microsoft Visual Studio Solution File, Format Version 12.00
# Visual Studio Version 17
VisualStudioVersion = 17.8.34601.278
MinimumVisualStudioVersion = 10.0.40219.1
Project("{9A19103F-16F7-4668-BE54-9A1E7A4F7556}") = "CardCraftClient", "CardCraftClient\CardCraftClient.csproj", "{F667934B-AAE3-486A-B9B6-F02EE9B1E4EE}"
EndProject
Project("{9A19103F-16F7-4668-BE54-9A1E7A4F7556}") = "CardCraftServer", "CardCraftServer\CardCraftServer.csproj", "{28404A57-5269-41BC-B59C-64DAF750E533}"
EndProject
Project("{D954291E-2A0B-460D-934E-DC6B0785DB48}") = "CardCraftShared", "CardCraftShared\CardCraftShared.shproj", "{9CD3FD3E-C08A-48FA-9FDB-1FBEB6050E3B}"
EndProject
Global
	GlobalSection(SolutionConfigurationPlatforms) = preSolution
		Debug|Any CPU = Debug|Any CPU
		Release|Any CPU = Release|Any CPU
	EndGlobalSection
	GlobalSection(ProjectConfigurationPlatforms) = postSolution
		{F667934B-AAE3-486A-B9B6-F02EE9B1E4EE}.Debug|Any CPU.ActiveCfg = Debug|Any CPU
		{F667934B-AAE3-486A-B9B6-F02EE9B1E4EE}.Debug|Any CPU.Build.0 = Debug|Any CPU
		{F667934B-AAE3-486A-B9B6-F02EE9B1E4EE}.Debug|Any CPU.Deploy.0 = Debug|Any CPU
		{F667934B-AAE3-486A-B9B6-F02EE9B1E4EE}.Release|Any CPU.ActiveCfg = Release|Any CPU
		{F667934B-AAE3-486A-B9B6-F02EE9B1E4EE}.Release|Any CPU.Build.0 = Release|Any CPU
		{F667934B-AAE3-486A-B9B6-F02EE9B1E4EE}.Release|Any CPU.Deploy.0 = Release|Any CPU
		{28404A57-5269-41BC-B59C-64DAF750E533}.Debug|Any CPU.ActiveCfg = Debug|Any CPU
		{28404A57-5269-41BC-B59C-64DAF750E533}.Debug|Any CPU.Build.0 = Debug|Any CPU
		{28404A57-5269-41BC-B59C-64DAF750E533}.Release|Any CPU.ActiveCfg = Release|Any CPU
		{28404A57-5269-41BC-B59C-64DAF750E533}.Release|Any CPU.Build.0 = Release|Any CPU
	EndGlobalSection
	GlobalSection(SolutionProperties) = preSolution
		HideSolutionNode = FALSE
	EndGlobalSection
	GlobalSection(ExtensibilityGlobals) = postSolution
		SolutionGuid = {63D69AEA-AAA5-402E-A4C0-2C7A1C86F66F}
	EndGlobalSection
	GlobalSection(SharedMSBuildProjectFiles) = preSolution
		CardCraftShared\CardCraftShared.projitems*{28404a57-5269-41bc-b59c-64daf750e533}*SharedItemsImports = 5
		CardCraftShared\CardCraftShared.projitems*{9cd3fd3e-c08a-48fa-9fdb-1fbeb6050e3b}*SharedItemsImports = 13
		CardCraftShared\CardCraftShared.projitems*{f667934b-aae3-486a-b9b6-f02ee9b1e4ee}*SharedItemsImports = 5
	EndGlobalSection
EndGlobal
